
Microsoft Visual Studio Solution File, Format Version 12.00
# Visual Studio Version 17
VisualStudioVersion = 17.7.34031.279
MinimumVisualStudioVersion = 10.0.40219.1
Project("{9A19103F-16F7-4668-BE54-9A1E7A4F7556}") = "Anotacoes", "Anotacoes\Anotacoes.csproj", "{F4E42618-AB56-4544-A966-4E0B3FD5F991}"
EndProject
Project("{9A19103F-16F7-4668-BE54-9A1E7A4F7556}") = "Heranca", "Heranca\Heranca.csproj", "{8A780229-4156-4A32-B7D2-FF2F9CE583D4}"
EndProject
Project("{9A19103F-16F7-4668-BE54-9A1E7A4F7556}") = "Heranca1", "Heranca1\Heranca1.csproj", "{F76DDAF2-B98D-4C78-9060-1F4F39DCFB90}"
EndProject
Project("{9A19103F-16F7-4668-BE54-9A1E7A4F7556}") = "Heranca2", "Heranca2\Heranca2.csproj", "{FF3C1CF4-A4D4-457E-A083-73B9FECF7A34}"
EndProject
Project("{9A19103F-16F7-4668-BE54-9A1E7A4F7556}") = "Heranca3", "Heranca3\Heranca3.csproj", "{57EA4B4F-D24B-4722-BB79-A5DDCA1D5E30}"
EndProject
Project("{9A19103F-16F7-4668-BE54-9A1E7A4F7556}") = "Heranca4", "Heranca4\Heranca4.csproj", "{00FEC3CC-A5FD-4778-9946-C8D41B32438C}"
EndProject
Project("{9A19103F-16F7-4668-BE54-9A1E7A4F7556}") = "HerancaVirtualOverride", "Heranca6\HerancaVirtualOverride.csproj", "{746FA002-EF31-4B73-A945-059E81625133}"
EndProject
Project("{9A19103F-16F7-4668-BE54-9A1E7A4F7556}") = "Heranca5", "Heranca5\Heranca5.csproj", "{211FA16F-AFAB-4D7E-BC61-4E64A74D7A5B}"
EndProject
Project("{9A19103F-16F7-4668-BE54-9A1E7A4F7556}") = "HerancaExercicio", "HerancaExercicio\HerancaExercicio.csproj", "{967390CE-3751-4FA4-A3B4-670AEDB85D89}"
EndProject
Project("{9A19103F-16F7-4668-BE54-9A1E7A4F7556}") = "Heranca7", "Heranca7\Heranca7.csproj", "{9590F0EE-7F9D-4CC9-B2C3-884808F7E741}"
EndProject
Project("{FAE04EC0-301F-11D3-BF4B-00C04F79EFBC}") = "Operador-Is-As", "HerancaOperador-Is-As\Operador-Is-As.csproj", "{31051A18-E7E1-49D1-B494-3EF9943E03BD}"
EndProject
Project("{FAE04EC0-301F-11D3-BF4B-00C04F79EFBC}") = "ModificadorAbstract", "ModificadorAbstract\ModificadorAbstract.csproj", "{EF8012C4-F0D1-4C0D-ADAA-C983F7318CA2}"
EndProject
Global
	GlobalSection(SolutionConfigurationPlatforms) = preSolution
		Debug|Any CPU = Debug|Any CPU
		Release|Any CPU = Release|Any CPU
	EndGlobalSection
	GlobalSection(ProjectConfigurationPlatforms) = postSolution
		{F4E42618-AB56-4544-A966-4E0B3FD5F991}.Debug|Any CPU.ActiveCfg = Debug|Any CPU
		{F4E42618-AB56-4544-A966-4E0B3FD5F991}.Debug|Any CPU.Build.0 = Debug|Any CPU
		{F4E42618-AB56-4544-A966-4E0B3FD5F991}.Release|Any CPU.ActiveCfg = Release|Any CPU
		{F4E42618-AB56-4544-A966-4E0B3FD5F991}.Release|Any CPU.Build.0 = Release|Any CPU
		{8A780229-4156-4A32-B7D2-FF2F9CE583D4}.Debug|Any CPU.ActiveCfg = Debug|Any CPU
		{8A780229-4156-4A32-B7D2-FF2F9CE583D4}.Debug|Any CPU.Build.0 = Debug|Any CPU
		{8A780229-4156-4A32-B7D2-FF2F9CE583D4}.Release|Any CPU.ActiveCfg = Release|Any CPU
		{8A780229-4156-4A32-B7D2-FF2F9CE583D4}.Release|Any CPU.Build.0 = Release|Any CPU
		{F76DDAF2-B98D-4C78-9060-1F4F39DCFB90}.Debug|Any CPU.ActiveCfg = Debug|Any CPU
		{F76DDAF2-B98D-4C78-9060-1F4F39DCFB90}.Debug|Any CPU.Build.0 = Debug|Any CPU
		{F76DDAF2-B98D-4C78-9060-1F4F39DCFB90}.Release|Any CPU.ActiveCfg = Release|Any CPU
		{F76DDAF2-B98D-4C78-9060-1F4F39DCFB90}.Release|Any CPU.Build.0 = Release|Any CPU
		{FF3C1CF4-A4D4-457E-A083-73B9FECF7A34}.Debug|Any CPU.ActiveCfg = Debug|Any CPU
		{FF3C1CF4-A4D4-457E-A083-73B9FECF7A34}.Debug|Any CPU.Build.0 = Debug|Any CPU
		{FF3C1CF4-A4D4-457E-A083-73B9FECF7A34}.Release|Any CPU.ActiveCfg = Release|Any CPU
		{FF3C1CF4-A4D4-457E-A083-73B9FECF7A34}.Release|Any CPU.Build.0 = Release|Any CPU
		{57EA4B4F-D24B-4722-BB79-A5DDCA1D5E30}.Debug|Any CPU.ActiveCfg = Debug|Any CPU
		{57EA4B4F-D24B-4722-BB79-A5DDCA1D5E30}.Debug|Any CPU.Build.0 = Debug|Any CPU
		{57EA4B4F-D24B-4722-BB79-A5DDCA1D5E30}.Release|Any CPU.ActiveCfg = Release|Any CPU
		{57EA4B4F-D24B-4722-BB79-A5DDCA1D5E30}.Release|Any CPU.Build.0 = Release|Any CPU
		{00FEC3CC-A5FD-4778-9946-C8D41B32438C}.Debug|Any CPU.ActiveCfg = Debug|Any CPU
		{00FEC3CC-A5FD-4778-9946-C8D41B32438C}.Debug|Any CPU.Build.0 = Debug|Any CPU
		{00FEC3CC-A5FD-4778-9946-C8D41B32438C}.Release|Any CPU.ActiveCfg = Release|Any CPU
		{00FEC3CC-A5FD-4778-9946-C8D41B32438C}.Release|Any CPU.Build.0 = Release|Any CPU
		{746FA002-EF31-4B73-A945-059E81625133}.Debug|Any CPU.ActiveCfg = Debug|Any CPU
		{746FA002-EF31-4B73-A945-059E81625133}.Debug|Any CPU.Build.0 = Debug|Any CPU
		{746FA002-EF31-4B73-A945-059E81625133}.Release|Any CPU.ActiveCfg = Release|Any CPU
		{746FA002-EF31-4B73-A945-059E81625133}.Release|Any CPU.Build.0 = Release|Any CPU
		{211FA16F-AFAB-4D7E-BC61-4E64A74D7A5B}.Debug|Any CPU.ActiveCfg = Debug|Any CPU
		{211FA16F-AFAB-4D7E-BC61-4E64A74D7A5B}.Debug|Any CPU.Build.0 = Debug|Any CPU
		{211FA16F-AFAB-4D7E-BC61-4E64A74D7A5B}.Release|Any CPU.ActiveCfg = Release|Any CPU
		{211FA16F-AFAB-4D7E-BC61-4E64A74D7A5B}.Release|Any CPU.Build.0 = Release|Any CPU
		{967390CE-3751-4FA4-A3B4-670AEDB85D89}.Debug|Any CPU.ActiveCfg = Debug|Any CPU
		{967390CE-3751-4FA4-A3B4-670AEDB85D89}.Debug|Any CPU.Build.0 = Debug|Any CPU
		{967390CE-3751-4FA4-A3B4-670AEDB85D89}.Release|Any CPU.ActiveCfg = Release|Any CPU
		{967390CE-3751-4FA4-A3B4-670AEDB85D89}.Release|Any CPU.Build.0 = Release|Any CPU
		{9590F0EE-7F9D-4CC9-B2C3-884808F7E741}.Debug|Any CPU.ActiveCfg = Debug|Any CPU
		{9590F0EE-7F9D-4CC9-B2C3-884808F7E741}.Debug|Any CPU.Build.0 = Debug|Any CPU
		{9590F0EE-7F9D-4CC9-B2C3-884808F7E741}.Release|Any CPU.ActiveCfg = Release|Any CPU
		{9590F0EE-7F9D-4CC9-B2C3-884808F7E741}.Release|Any CPU.Build.0 = Release|Any CPU
		{31051A18-E7E1-49D1-B494-3EF9943E03BD}.Debug|Any CPU.ActiveCfg = Debug|Any CPU
		{31051A18-E7E1-49D1-B494-3EF9943E03BD}.Debug|Any CPU.Build.0 = Debug|Any CPU
		{31051A18-E7E1-49D1-B494-3EF9943E03BD}.Release|Any CPU.ActiveCfg = Release|Any CPU
		{31051A18-E7E1-49D1-B494-3EF9943E03BD}.Release|Any CPU.Build.0 = Release|Any CPU
		{EF8012C4-F0D1-4C0D-ADAA-C983F7318CA2}.Debug|Any CPU.ActiveCfg = Debug|Any CPU
		{EF8012C4-F0D1-4C0D-ADAA-C983F7318CA2}.Debug|Any CPU.Build.0 = Debug|Any CPU
		{EF8012C4-F0D1-4C0D-ADAA-C983F7318CA2}.Release|Any CPU.ActiveCfg = Release|Any CPU
		{EF8012C4-F0D1-4C0D-ADAA-C983F7318CA2}.Release|Any CPU.Build.0 = Release|Any CPU
	EndGlobalSection
	GlobalSection(SolutionProperties) = preSolution
		HideSolutionNode = FALSE
	EndGlobalSection
	GlobalSection(ExtensibilityGlobals) = postSolution
		SolutionGuid = {D4661ABF-849E-436F-BBB8-411DB02C3254}
	EndGlobalSection
EndGlobal
