
Microsoft Visual Studio Solution File, Format Version 12.00
# Visual Studio Version 17
VisualStudioVersion = 17.7.34031.279
MinimumVisualStudioVersion = 10.0.40219.1
Project("{9A19103F-16F7-4668-BE54-9A1E7A4F7556}") = "Anotacoes", "Anotacoes\Anotacoes.csproj", "{F4E42618-AB56-4544-A966-4E0B3FD5F991}"
EndProject
Project("{9A19103F-16F7-4668-BE54-9A1E7A4F7556}") = "Heranca", "Heranca\Heranca.csproj", "{8A780229-4156-4A32-B7D2-FF2F9CE583D4}"
EndProject
Project("{9A19103F-16F7-4668-BE54-9A1E7A4F7556}") = "Heranca1", "Heranca1\Heranca1.csproj", "{F76DDAF2-B98D-4C78-9060-1F4F39DCFB90}"
EndProject
Project("{9A19103F-16F7-4668-BE54-9A1E7A4F7556}") = "Heranca2", "Heranca2\Heranca2.csproj", "{FF3C1CF4-A4D4-457E-A083-73B9FECF7A34}"
EndProject
Project("{9A19103F-16F7-4668-BE54-9A1E7A4F7556}") = "Heranca3", "Heranca3\Heranca3.csproj", "{57EA4B4F-D24B-4722-BB79-A5DDCA1D5E30}"
EndProject
Project("{9A19103F-16F7-4668-BE54-9A1E7A4F7556}") = "Heranca4", "Heranca4\Heranca4.csproj", "{00FEC3CC-A5FD-4778-9946-C8D41B32438C}"
EndProject
Project("{9A19103F-16F7-4668-BE54-9A1E7A4F7556}") = "HerancaVirtualOverride", "Heranca6\HerancaVirtualOverride.csproj", "{746FA002-EF31-4B73-A945-059E81625133}"
EndProject
Project("{9A19103F-16F7-4668-BE54-9A1E7A4F7556}") = "Heranca5", "Heranca5\Heranca5.csproj", "{211FA16F-AFAB-4D7E-BC61-4E64A74D7A5B}"
EndProject
Project("{9A19103F-16F7-4668-BE54-9A1E7A4F7556}") = "HerancaExercicio", "HerancaExercicio\HerancaExercicio.csproj", "{967390CE-3751-4FA4-A3B4-670AEDB85D89}"
EndProject
Project("{9A19103F-16F7-4668-BE54-9A1E7A4F7556}") = "Heranca7", "Heranca7\Heranca7.csproj", "{9590F0EE-7F9D-4CC9-B2C3-884808F7E741}"
EndProject
Project("{9A19103F-16F7-4668-BE54-9A1E7A4F7556}") = "Operador-Is-As", "HerancaOperador-Is-As\Operador-Is-As.csproj", "{31051A18-E7E1-49D1-B494-3EF9943E03BD}"
EndProject
Project("{9A19103F-16F7-4668-BE54-9A1E7A4F7556}") = "ModificadorAbstract", "ModificadorAbstract\ModificadorAbstract.csproj", "{EF8012C4-F0D1-4C0D-ADAA-C983F7318CA2}"
EndProject
Project("{9A19103F-16F7-4668-BE54-9A1E7A4F7556}") = "Interfaces", "Interfaces\Interfaces.csproj", "{05B23232-DD14-4A10-A86D-27FC6CBAA1B6}"
EndProject
Project("{9A19103F-16F7-4668-BE54-9A1E7A4F7556}") = "InterfacesExercicio", "InterfacesExercicio\InterfacesExercicio.csproj", "{1B8BBCA1-FC2E-4765-866E-49C3F7ED9318}"
EndProject
Project("{9A19103F-16F7-4668-BE54-9A1E7A4F7556}") = "Agregacao", "Agregacao\Agregacao.csproj", "{52A05113-7583-4170-BA9E-B2EB7DCAE539}"
EndProject
Project("{9A19103F-16F7-4668-BE54-9A1E7A4F7556}") = "HerancaEComposicaoExemplo", "HerancaEComposicaoExemplo\HerancaEComposicaoExemplo.csproj", "{1DF319F1-7FBE-4BD7-9DD3-F6ED8F987578}"
EndProject
Project("{9A19103F-16F7-4668-BE54-9A1E7A4F7556}") = "Polimorfismo", "Polimorfismo\Polimorfismo.csproj", "{99CF15D6-23E5-44B7-8743-12E748757428}"
EndProject
Project("{9A19103F-16F7-4668-BE54-9A1E7A4F7556}") = "ExerciciosPOO", "ExerciciosPOO\ExerciciosPOO.csproj", "{B2A8E849-6AB8-4453-A3EE-2AF85D0110E9}"
EndProject
Project("{9A19103F-16F7-4668-BE54-9A1E7A4F7556}") = "Exercicio1", "Exercicio1\Exercicio1.csproj", "{E7A0BD0B-3F95-4D6A-866B-3784C99EEBC2}"
EndProject
Project("{9A19103F-16F7-4668-BE54-9A1E7A4F7556}") = "Exercicio2", "Exercicio2\Exercicio2.csproj", "{56FE684A-426A-4624-8497-14FD43DACFE3}"
EndProject
Project("{9A19103F-16F7-4668-BE54-9A1E7A4F7556}") = "Exercicio3", "Exercicio3\Exercicio3.csproj", "{C46AAC20-9DF2-45F1-86FA-5F08872FD8B5}"
EndProject
Project("{9A19103F-16F7-4668-BE54-9A1E7A4F7556}") = "Generics", "Generics\Generics.csproj", "{21FCA07D-C7CB-4239-AD6A-0F3CBE6A72DF}"
EndProject
Project("{9A19103F-16F7-4668-BE54-9A1E7A4F7556}") = "GetHashCode&Equals", "GetHashCode&Equals\GetHashCode&Equals.csproj", "{84E75FB8-F5C3-45BD-9F4B-79E0945B9814}"
EndProject
Project("{9A19103F-16F7-4668-BE54-9A1E7A4F7556}") = "GenericExercicio", "GenericExercicio\GenericExercicio.csproj", "{42454A27-E6C7-40D6-977E-5468BDC9DC2E}"
EndProject
Project("{9A19103F-16F7-4668-BE54-9A1E7A4F7556}") = "Dictionary", "Dictionary\Dictionary.csproj", "{56549EE2-4A48-4464-9A64-B6164B15227E}"
EndProject
Project("{9A19103F-16F7-4668-BE54-9A1E7A4F7556}") = "DictionaryExercicio", "DictionaryExercicio\DictionaryExercicio.csproj", "{1A5B3836-12FB-4C6B-80F4-946CA5C7ACEF}"
EndProject
Project("{9A19103F-16F7-4668-BE54-9A1E7A4F7556}") = "SortedDictionary", "SortedDictionary\SortedDictionary.csproj", "{2CEC1108-87EF-4A24-A78F-C7DE8CBE3D00}"
EndProject
Project("{9A19103F-16F7-4668-BE54-9A1E7A4F7556}") = "HashSet", "HashSet\HashSet.csproj", "{1BE7ECC7-C79F-472A-BFFC-641BC9B8777A}"
EndProject
Project("{9A19103F-16F7-4668-BE54-9A1E7A4F7556}") = "HashSetMetodos", "HashSetMetodos\HashSetMetodos.csproj", "{47C844E9-21D4-4ED1-8F47-2441705FBB35}"
EndProject
Project("{9A19103F-16F7-4668-BE54-9A1E7A4F7556}") = "Stack", "Stack\Stack.csproj", "{25B95B7F-39BE-4C2D-BE5A-F2FE0A560F4F}"
EndProject
Project("{9A19103F-16F7-4668-BE54-9A1E7A4F7556}") = "StackExercicio", "StackExercicio\StackExercicio.csproj", "{8FCCCE1D-122F-4544-8A75-33F0A04D6766}"
EndProject
Project("{FAE04EC0-301F-11D3-BF4B-00C04F79EFBC}") = "Queue", "Queue\Queue.csproj", "{0C305867-39CF-4790-8FFA-6C8B344A3DE8}"
EndProject
Project("{FAE04EC0-301F-11D3-BF4B-00C04F79EFBC}") = "ReadOnlyCollection", "ReadOnlyCollection\ReadOnlyCollection.csproj", "{B7136E24-C068-4C7B-BF84-7CCA010C9CDE}"
EndProject
Global
	GlobalSection(SolutionConfigurationPlatforms) = preSolution
		Debug|Any CPU = Debug|Any CPU
		Release|Any CPU = Release|Any CPU
	EndGlobalSection
	GlobalSection(ProjectConfigurationPlatforms) = postSolution
		{F4E42618-AB56-4544-A966-4E0B3FD5F991}.Debug|Any CPU.ActiveCfg = Debug|Any CPU
		{F4E42618-AB56-4544-A966-4E0B3FD5F991}.Debug|Any CPU.Build.0 = Debug|Any CPU
		{F4E42618-AB56-4544-A966-4E0B3FD5F991}.Release|Any CPU.ActiveCfg = Release|Any CPU
		{F4E42618-AB56-4544-A966-4E0B3FD5F991}.Release|Any CPU.Build.0 = Release|Any CPU
		{8A780229-4156-4A32-B7D2-FF2F9CE583D4}.Debug|Any CPU.ActiveCfg = Debug|Any CPU
		{8A780229-4156-4A32-B7D2-FF2F9CE583D4}.Debug|Any CPU.Build.0 = Debug|Any CPU
		{8A780229-4156-4A32-B7D2-FF2F9CE583D4}.Release|Any CPU.ActiveCfg = Release|Any CPU
		{8A780229-4156-4A32-B7D2-FF2F9CE583D4}.Release|Any CPU.Build.0 = Release|Any CPU
		{F76DDAF2-B98D-4C78-9060-1F4F39DCFB90}.Debug|Any CPU.ActiveCfg = Debug|Any CPU
		{F76DDAF2-B98D-4C78-9060-1F4F39DCFB90}.Debug|Any CPU.Build.0 = Debug|Any CPU
		{F76DDAF2-B98D-4C78-9060-1F4F39DCFB90}.Release|Any CPU.ActiveCfg = Release|Any CPU
		{F76DDAF2-B98D-4C78-9060-1F4F39DCFB90}.Release|Any CPU.Build.0 = Release|Any CPU
		{FF3C1CF4-A4D4-457E-A083-73B9FECF7A34}.Debug|Any CPU.ActiveCfg = Debug|Any CPU
		{FF3C1CF4-A4D4-457E-A083-73B9FECF7A34}.Debug|Any CPU.Build.0 = Debug|Any CPU
		{FF3C1CF4-A4D4-457E-A083-73B9FECF7A34}.Release|Any CPU.ActiveCfg = Release|Any CPU
		{FF3C1CF4-A4D4-457E-A083-73B9FECF7A34}.Release|Any CPU.Build.0 = Release|Any CPU
		{57EA4B4F-D24B-4722-BB79-A5DDCA1D5E30}.Debug|Any CPU.ActiveCfg = Debug|Any CPU
		{57EA4B4F-D24B-4722-BB79-A5DDCA1D5E30}.Debug|Any CPU.Build.0 = Debug|Any CPU
		{57EA4B4F-D24B-4722-BB79-A5DDCA1D5E30}.Release|Any CPU.ActiveCfg = Release|Any CPU
		{57EA4B4F-D24B-4722-BB79-A5DDCA1D5E30}.Release|Any CPU.Build.0 = Release|Any CPU
		{00FEC3CC-A5FD-4778-9946-C8D41B32438C}.Debug|Any CPU.ActiveCfg = Debug|Any CPU
		{00FEC3CC-A5FD-4778-9946-C8D41B32438C}.Debug|Any CPU.Build.0 = Debug|Any CPU
		{00FEC3CC-A5FD-4778-9946-C8D41B32438C}.Release|Any CPU.ActiveCfg = Release|Any CPU
		{00FEC3CC-A5FD-4778-9946-C8D41B32438C}.Release|Any CPU.Build.0 = Release|Any CPU
		{746FA002-EF31-4B73-A945-059E81625133}.Debug|Any CPU.ActiveCfg = Debug|Any CPU
		{746FA002-EF31-4B73-A945-059E81625133}.Debug|Any CPU.Build.0 = Debug|Any CPU
		{746FA002-EF31-4B73-A945-059E81625133}.Release|Any CPU.ActiveCfg = Release|Any CPU
		{746FA002-EF31-4B73-A945-059E81625133}.Release|Any CPU.Build.0 = Release|Any CPU
		{211FA16F-AFAB-4D7E-BC61-4E64A74D7A5B}.Debug|Any CPU.ActiveCfg = Debug|Any CPU
		{211FA16F-AFAB-4D7E-BC61-4E64A74D7A5B}.Debug|Any CPU.Build.0 = Debug|Any CPU
		{211FA16F-AFAB-4D7E-BC61-4E64A74D7A5B}.Release|Any CPU.ActiveCfg = Release|Any CPU
		{211FA16F-AFAB-4D7E-BC61-4E64A74D7A5B}.Release|Any CPU.Build.0 = Release|Any CPU
		{967390CE-3751-4FA4-A3B4-670AEDB85D89}.Debug|Any CPU.ActiveCfg = Debug|Any CPU
		{967390CE-3751-4FA4-A3B4-670AEDB85D89}.Debug|Any CPU.Build.0 = Debug|Any CPU
		{967390CE-3751-4FA4-A3B4-670AEDB85D89}.Release|Any CPU.ActiveCfg = Release|Any CPU
		{967390CE-3751-4FA4-A3B4-670AEDB85D89}.Release|Any CPU.Build.0 = Release|Any CPU
		{9590F0EE-7F9D-4CC9-B2C3-884808F7E741}.Debug|Any CPU.ActiveCfg = Debug|Any CPU
		{9590F0EE-7F9D-4CC9-B2C3-884808F7E741}.Debug|Any CPU.Build.0 = Debug|Any CPU
		{9590F0EE-7F9D-4CC9-B2C3-884808F7E741}.Release|Any CPU.ActiveCfg = Release|Any CPU
		{9590F0EE-7F9D-4CC9-B2C3-884808F7E741}.Release|Any CPU.Build.0 = Release|Any CPU
		{31051A18-E7E1-49D1-B494-3EF9943E03BD}.Debug|Any CPU.ActiveCfg = Debug|Any CPU
		{31051A18-E7E1-49D1-B494-3EF9943E03BD}.Debug|Any CPU.Build.0 = Debug|Any CPU
		{31051A18-E7E1-49D1-B494-3EF9943E03BD}.Release|Any CPU.ActiveCfg = Release|Any CPU
		{31051A18-E7E1-49D1-B494-3EF9943E03BD}.Release|Any CPU.Build.0 = Release|Any CPU
		{EF8012C4-F0D1-4C0D-ADAA-C983F7318CA2}.Debug|Any CPU.ActiveCfg = Debug|Any CPU
		{EF8012C4-F0D1-4C0D-ADAA-C983F7318CA2}.Debug|Any CPU.Build.0 = Debug|Any CPU
		{EF8012C4-F0D1-4C0D-ADAA-C983F7318CA2}.Release|Any CPU.ActiveCfg = Release|Any CPU
		{EF8012C4-F0D1-4C0D-ADAA-C983F7318CA2}.Release|Any CPU.Build.0 = Release|Any CPU
		{05B23232-DD14-4A10-A86D-27FC6CBAA1B6}.Debug|Any CPU.ActiveCfg = Debug|Any CPU
		{05B23232-DD14-4A10-A86D-27FC6CBAA1B6}.Debug|Any CPU.Build.0 = Debug|Any CPU
		{05B23232-DD14-4A10-A86D-27FC6CBAA1B6}.Release|Any CPU.ActiveCfg = Release|Any CPU
		{05B23232-DD14-4A10-A86D-27FC6CBAA1B6}.Release|Any CPU.Build.0 = Release|Any CPU
		{1B8BBCA1-FC2E-4765-866E-49C3F7ED9318}.Debug|Any CPU.ActiveCfg = Debug|Any CPU
		{1B8BBCA1-FC2E-4765-866E-49C3F7ED9318}.Debug|Any CPU.Build.0 = Debug|Any CPU
		{1B8BBCA1-FC2E-4765-866E-49C3F7ED9318}.Release|Any CPU.ActiveCfg = Release|Any CPU
		{1B8BBCA1-FC2E-4765-866E-49C3F7ED9318}.Release|Any CPU.Build.0 = Release|Any CPU
		{52A05113-7583-4170-BA9E-B2EB7DCAE539}.Debug|Any CPU.ActiveCfg = Debug|Any CPU
		{52A05113-7583-4170-BA9E-B2EB7DCAE539}.Debug|Any CPU.Build.0 = Debug|Any CPU
		{52A05113-7583-4170-BA9E-B2EB7DCAE539}.Release|Any CPU.ActiveCfg = Release|Any CPU
		{52A05113-7583-4170-BA9E-B2EB7DCAE539}.Release|Any CPU.Build.0 = Release|Any CPU
		{1DF319F1-7FBE-4BD7-9DD3-F6ED8F987578}.Debug|Any CPU.ActiveCfg = Debug|Any CPU
		{1DF319F1-7FBE-4BD7-9DD3-F6ED8F987578}.Debug|Any CPU.Build.0 = Debug|Any CPU
		{1DF319F1-7FBE-4BD7-9DD3-F6ED8F987578}.Release|Any CPU.ActiveCfg = Release|Any CPU
		{1DF319F1-7FBE-4BD7-9DD3-F6ED8F987578}.Release|Any CPU.Build.0 = Release|Any CPU
		{99CF15D6-23E5-44B7-8743-12E748757428}.Debug|Any CPU.ActiveCfg = Debug|Any CPU
		{99CF15D6-23E5-44B7-8743-12E748757428}.Debug|Any CPU.Build.0 = Debug|Any CPU
		{99CF15D6-23E5-44B7-8743-12E748757428}.Release|Any CPU.ActiveCfg = Release|Any CPU
		{99CF15D6-23E5-44B7-8743-12E748757428}.Release|Any CPU.Build.0 = Release|Any CPU
		{B2A8E849-6AB8-4453-A3EE-2AF85D0110E9}.Debug|Any CPU.ActiveCfg = Debug|Any CPU
		{B2A8E849-6AB8-4453-A3EE-2AF85D0110E9}.Debug|Any CPU.Build.0 = Debug|Any CPU
		{B2A8E849-6AB8-4453-A3EE-2AF85D0110E9}.Release|Any CPU.ActiveCfg = Release|Any CPU
		{B2A8E849-6AB8-4453-A3EE-2AF85D0110E9}.Release|Any CPU.Build.0 = Release|Any CPU
		{E7A0BD0B-3F95-4D6A-866B-3784C99EEBC2}.Debug|Any CPU.ActiveCfg = Debug|Any CPU
		{E7A0BD0B-3F95-4D6A-866B-3784C99EEBC2}.Debug|Any CPU.Build.0 = Debug|Any CPU
		{E7A0BD0B-3F95-4D6A-866B-3784C99EEBC2}.Release|Any CPU.ActiveCfg = Release|Any CPU
		{E7A0BD0B-3F95-4D6A-866B-3784C99EEBC2}.Release|Any CPU.Build.0 = Release|Any CPU
		{56FE684A-426A-4624-8497-14FD43DACFE3}.Debug|Any CPU.ActiveCfg = Debug|Any CPU
		{56FE684A-426A-4624-8497-14FD43DACFE3}.Debug|Any CPU.Build.0 = Debug|Any CPU
		{56FE684A-426A-4624-8497-14FD43DACFE3}.Release|Any CPU.ActiveCfg = Release|Any CPU
		{56FE684A-426A-4624-8497-14FD43DACFE3}.Release|Any CPU.Build.0 = Release|Any CPU
		{C46AAC20-9DF2-45F1-86FA-5F08872FD8B5}.Debug|Any CPU.ActiveCfg = Debug|Any CPU
		{C46AAC20-9DF2-45F1-86FA-5F08872FD8B5}.Debug|Any CPU.Build.0 = Debug|Any CPU
		{C46AAC20-9DF2-45F1-86FA-5F08872FD8B5}.Release|Any CPU.ActiveCfg = Release|Any CPU
		{C46AAC20-9DF2-45F1-86FA-5F08872FD8B5}.Release|Any CPU.Build.0 = Release|Any CPU
		{21FCA07D-C7CB-4239-AD6A-0F3CBE6A72DF}.Debug|Any CPU.ActiveCfg = Debug|Any CPU
		{21FCA07D-C7CB-4239-AD6A-0F3CBE6A72DF}.Debug|Any CPU.Build.0 = Debug|Any CPU
		{21FCA07D-C7CB-4239-AD6A-0F3CBE6A72DF}.Release|Any CPU.ActiveCfg = Release|Any CPU
		{21FCA07D-C7CB-4239-AD6A-0F3CBE6A72DF}.Release|Any CPU.Build.0 = Release|Any CPU
		{84E75FB8-F5C3-45BD-9F4B-79E0945B9814}.Debug|Any CPU.ActiveCfg = Debug|Any CPU
		{84E75FB8-F5C3-45BD-9F4B-79E0945B9814}.Debug|Any CPU.Build.0 = Debug|Any CPU
		{84E75FB8-F5C3-45BD-9F4B-79E0945B9814}.Release|Any CPU.ActiveCfg = Release|Any CPU
		{84E75FB8-F5C3-45BD-9F4B-79E0945B9814}.Release|Any CPU.Build.0 = Release|Any CPU
		{42454A27-E6C7-40D6-977E-5468BDC9DC2E}.Debug|Any CPU.ActiveCfg = Debug|Any CPU
		{42454A27-E6C7-40D6-977E-5468BDC9DC2E}.Debug|Any CPU.Build.0 = Debug|Any CPU
		{42454A27-E6C7-40D6-977E-5468BDC9DC2E}.Release|Any CPU.ActiveCfg = Release|Any CPU
		{42454A27-E6C7-40D6-977E-5468BDC9DC2E}.Release|Any CPU.Build.0 = Release|Any CPU
		{56549EE2-4A48-4464-9A64-B6164B15227E}.Debug|Any CPU.ActiveCfg = Debug|Any CPU
		{56549EE2-4A48-4464-9A64-B6164B15227E}.Debug|Any CPU.Build.0 = Debug|Any CPU
		{56549EE2-4A48-4464-9A64-B6164B15227E}.Release|Any CPU.ActiveCfg = Release|Any CPU
		{56549EE2-4A48-4464-9A64-B6164B15227E}.Release|Any CPU.Build.0 = Release|Any CPU
		{1A5B3836-12FB-4C6B-80F4-946CA5C7ACEF}.Debug|Any CPU.ActiveCfg = Debug|Any CPU
		{1A5B3836-12FB-4C6B-80F4-946CA5C7ACEF}.Debug|Any CPU.Build.0 = Debug|Any CPU
		{1A5B3836-12FB-4C6B-80F4-946CA5C7ACEF}.Release|Any CPU.ActiveCfg = Release|Any CPU
		{1A5B3836-12FB-4C6B-80F4-946CA5C7ACEF}.Release|Any CPU.Build.0 = Release|Any CPU
		{2CEC1108-87EF-4A24-A78F-C7DE8CBE3D00}.Debug|Any CPU.ActiveCfg = Debug|Any CPU
		{2CEC1108-87EF-4A24-A78F-C7DE8CBE3D00}.Debug|Any CPU.Build.0 = Debug|Any CPU
		{2CEC1108-87EF-4A24-A78F-C7DE8CBE3D00}.Release|Any CPU.ActiveCfg = Release|Any CPU
		{2CEC1108-87EF-4A24-A78F-C7DE8CBE3D00}.Release|Any CPU.Build.0 = Release|Any CPU
		{1BE7ECC7-C79F-472A-BFFC-641BC9B8777A}.Debug|Any CPU.ActiveCfg = Debug|Any CPU
		{1BE7ECC7-C79F-472A-BFFC-641BC9B8777A}.Debug|Any CPU.Build.0 = Debug|Any CPU
		{1BE7ECC7-C79F-472A-BFFC-641BC9B8777A}.Release|Any CPU.ActiveCfg = Release|Any CPU
		{1BE7ECC7-C79F-472A-BFFC-641BC9B8777A}.Release|Any CPU.Build.0 = Release|Any CPU
		{47C844E9-21D4-4ED1-8F47-2441705FBB35}.Debug|Any CPU.ActiveCfg = Debug|Any CPU
		{47C844E9-21D4-4ED1-8F47-2441705FBB35}.Debug|Any CPU.Build.0 = Debug|Any CPU
		{47C844E9-21D4-4ED1-8F47-2441705FBB35}.Release|Any CPU.ActiveCfg = Release|Any CPU
		{47C844E9-21D4-4ED1-8F47-2441705FBB35}.Release|Any CPU.Build.0 = Release|Any CPU
		{25B95B7F-39BE-4C2D-BE5A-F2FE0A560F4F}.Debug|Any CPU.ActiveCfg = Debug|Any CPU
		{25B95B7F-39BE-4C2D-BE5A-F2FE0A560F4F}.Debug|Any CPU.Build.0 = Debug|Any CPU
		{25B95B7F-39BE-4C2D-BE5A-F2FE0A560F4F}.Release|Any CPU.ActiveCfg = Release|Any CPU
		{25B95B7F-39BE-4C2D-BE5A-F2FE0A560F4F}.Release|Any CPU.Build.0 = Release|Any CPU
		{8FCCCE1D-122F-4544-8A75-33F0A04D6766}.Debug|Any CPU.ActiveCfg = Debug|Any CPU
		{8FCCCE1D-122F-4544-8A75-33F0A04D6766}.Debug|Any CPU.Build.0 = Debug|Any CPU
		{8FCCCE1D-122F-4544-8A75-33F0A04D6766}.Release|Any CPU.ActiveCfg = Release|Any CPU
		{8FCCCE1D-122F-4544-8A75-33F0A04D6766}.Release|Any CPU.Build.0 = Release|Any CPU
		{0C305867-39CF-4790-8FFA-6C8B344A3DE8}.Debug|Any CPU.ActiveCfg = Debug|Any CPU
		{0C305867-39CF-4790-8FFA-6C8B344A3DE8}.Debug|Any CPU.Build.0 = Debug|Any CPU
		{0C305867-39CF-4790-8FFA-6C8B344A3DE8}.Release|Any CPU.ActiveCfg = Release|Any CPU
		{0C305867-39CF-4790-8FFA-6C8B344A3DE8}.Release|Any CPU.Build.0 = Release|Any CPU
		{B7136E24-C068-4C7B-BF84-7CCA010C9CDE}.Debug|Any CPU.ActiveCfg = Debug|Any CPU
		{B7136E24-C068-4C7B-BF84-7CCA010C9CDE}.Debug|Any CPU.Build.0 = Debug|Any CPU
		{B7136E24-C068-4C7B-BF84-7CCA010C9CDE}.Release|Any CPU.ActiveCfg = Release|Any CPU
		{B7136E24-C068-4C7B-BF84-7CCA010C9CDE}.Release|Any CPU.Build.0 = Release|Any CPU
	EndGlobalSection
	GlobalSection(SolutionProperties) = preSolution
		HideSolutionNode = FALSE
	EndGlobalSection
	GlobalSection(ExtensibilityGlobals) = postSolution
		SolutionGuid = {D4661ABF-849E-436F-BBB8-411DB02C3254}
	EndGlobalSection
EndGlobal
